{
  "name": "substrate-js-utilities",
  "lockfileVersion": 3,
  "requires": true,
  "packages": {
    "": {
      "name": "substrate-js-utilities",
      "devDependencies": {
        "@polkadot/keyring": "^14.0.0",
        "@polkadot/types": "^16.0.0",
        "@polkadot/util": "^14.0.0",
        "@polkadot/util-crypto": "^14.0.0"
      }
    },
    "node_modules/@noble/curves": {
      "version": "1.9.7",
      "resolved": "https://registry.npmjs.org/@noble/curves/-/curves-1.9.7.tgz",
      "integrity": "sha512-gbKGcRUYIjA3/zCCNaWDciTMFI0dCkvou3TL8Zmy5Nc7sJ47a0jtOeZoTaMxkuqRo9cRhjOdZJXegxYE5FN/xw==",
      "dev": true,
      "license": "MIT",
      "dependencies": {
        "@noble/hashes": "1.8.0"
      },
      "engines": {
        "node": "^14.21.3 || >=16"
      },
      "funding": {
        "url": "https://paulmillr.com/funding/"
      }
    },
    "node_modules/@noble/hashes": {
      "version": "1.8.0",
      "resolved": "https://registry.npmjs.org/@noble/hashes/-/hashes-1.8.0.tgz",
      "integrity": "sha512-jCs9ldd7NwzpgXDIf6P3+NrHh9/sD6CQdxHyjQI+h/6rDNo88ypBxxz45UDuZHz9r3tNz7N/VInSVoVdtXEI4A==",
      "dev": true,
      "license": "MIT",
      "engines": {
        "node": "^14.21.3 || >=16"
      },
      "funding": {
        "url": "https://paulmillr.com/funding/"
      }
    },
    "node_modules/@polkadot/keyring": {
      "version": "14.0.3",
      "resolved": "https://registry.npmjs.org/@polkadot/keyring/-/keyring-14.0.3.tgz",
      "integrity": "sha512-ozp1dQwaHCjgX/fpTTORmHjxdUNQnyiTVJszpzUaUpvtH/IGZhSU/mSHXMqNETS/g57vQa7NatIDcWfyR9abyA==",
      "dev": true,
      "license": "Apache-2.0",
      "dependencies": {
        "@polkadot/util": "14.0.3",
        "@polkadot/util-crypto": "14.0.3",
        "tslib": "^2.8.0"
      },
      "engines": {
        "node": ">=18"
      },
      "peerDependencies": {
        "@polkadot/util": "14.0.3",
        "@polkadot/util-crypto": "14.0.3"
      }
    },
    "node_modules/@polkadot/networks": {
      "version": "14.0.3",
      "resolved": "https://registry.npmjs.org/@polkadot/networks/-/networks-14.0.3.tgz",
      "integrity": "sha512-/VqTLUDn+Wm8S2L/yaGFddo3oW4vRYav0Rg4pLg/semMZLaN8PJ6h927ucn9JyWdH82QfZfyiIPORt0ZF3isyw==",
      "dev": true,
      "license": "Apache-2.0",
      "dependencies": {
        "@polkadot/util": "14.0.3",
        "@substrate/ss58-registry": "^1.51.0",
        "tslib": "^2.8.0"
      },
      "engines": {
        "node": ">=18"
      }
    },
    "node_modules/@polkadot/types": {
      "version": "16.5.6",
      "resolved": "https://registry.npmjs.org/@polkadot/types/-/types-16.5.6.tgz",
      "integrity": "sha512-X/sfMHJS4RkRhnsc4CQqzUy7BM/s2y71TrBFHPYAjs2q/rbZ/BwvBk70SrUiSa0+iRRn3RewbBZm+AB8CbkdKw==",
      "dev": true,
      "license": "Apache-2.0",
      "dependencies": {
        "@polkadot/keyring": "^14.0.3",
        "@polkadot/types-augment": "16.5.6",
        "@polkadot/types-codec": "16.5.6",
        "@polkadot/types-create": "16.5.6",
        "@polkadot/util": "^14.0.3",
        "@polkadot/util-crypto": "^14.0.3",
        "rxjs": "^7.8.1",
        "tslib": "^2.8.1"
      },
      "engines": {
        "node": ">=18"
      }
    },
    "node_modules/@polkadot/types-augment": {
      "version": "16.5.6",
      "resolved": "https://registry.npmjs.org/@polkadot/types-augment/-/types-augment-16.5.6.tgz",
      "integrity": "sha512-QN5UrluUZCVgknUDW0gps/FRQ13Qgm24w53pCd2HgD0nmTtXDt9D4psjWwx5JkGTkUAvpzFWwN41bkxAeCiV6g==",
      "dev": true,
      "license": "Apache-2.0",
      "dependencies": {
        "@polkadot/types": "16.5.6",
        "@polkadot/types-codec": "16.5.6",
        "@polkadot/util": "^14.0.3",
        "tslib": "^2.8.1"
      },
      "engines": {
        "node": ">=18"
      }
    },
    "node_modules/@polkadot/types-codec": {
      "version": "16.5.6",
      "resolved": "https://registry.npmjs.org/@polkadot/types-codec/-/types-codec-16.5.6.tgz",
      "integrity": "sha512-3tzUv1LZOL97IlQmko4dqbfRC0cg9IQ2QAHRVoDIWsXrVovp1V3kPdP0o6e3I8T2XB9IlbabK91v+ZiIxhGMZw==",
      "dev": true,
      "license": "Apache-2.0",
      "dependencies": {
        "@polkadot/util": "^14.0.3",
        "@polkadot/x-bigint": "^14.0.3",
        "tslib": "^2.8.1"
      },
      "engines": {
        "node": ">=18"
      }
    },
    "node_modules/@polkadot/types-create": {
      "version": "16.5.6",
      "resolved": "https://registry.npmjs.org/@polkadot/types-create/-/types-create-16.5.6.tgz",
      "integrity": "sha512-g7g3hrjpz4KgqQqei9PU0JY9fsFHBmThWALZk5pWB32vyDyDcXZiyhH3agDhqfmzQiolTW2FuvcNJxgS634J1w==",
      "dev": true,
      "license": "Apache-2.0",
      "dependencies": {
        "@polkadot/types-codec": "16.5.6",
        "@polkadot/util": "^14.0.3",
        "tslib": "^2.8.1"
      },
      "engines": {
        "node": ">=18"
      }
    },
    "node_modules/@polkadot/util": {
      "version": "14.0.3",
      "resolved": "https://registry.npmjs.org/@polkadot/util/-/util-14.0.3.tgz",
      "integrity": "sha512-mg1NR7ixHlNiz2zbvdcdy1OXZmca2tVA4DpewGpY/qFkW/gq9HdDrHLu7g0k90QnunDcFW4emb7NB60sGJQ0bw==",
      "dev": true,
      "license": "Apache-2.0",
      "dependencies": {
        "@polkadot/x-bigint": "14.0.3",
        "@polkadot/x-global": "14.0.3",
        "@polkadot/x-textdecoder": "14.0.3",
        "@polkadot/x-textencoder": "14.0.3",
        "@types/bn.js": "^5.1.6",
        "bn.js": "^5.2.1",
        "tslib": "^2.8.0"
      },
      "engines": {
        "node": ">=18"
      }
    },
    "node_modules/@polkadot/util-crypto": {
      "version": "14.0.3",
      "resolved": "https://registry.npmjs.org/@polkadot/util-crypto/-/util-crypto-14.0.3.tgz",
      "integrity": "sha512-V00BI6XnZLCkrAmV8uN0eSB6fy48CkxdDZT29cgSMSwHPtY6oKUNgd1ST07PGCL5x8XflwjoA7CTlhdbp1Y9gw==",
      "dev": true,
      "license": "Apache-2.0",
      "dependencies": {
        "@noble/curves": "^1.3.0",
        "@noble/hashes": "^1.3.3",
        "@polkadot/networks": "14.0.3",
        "@polkadot/util": "14.0.3",
        "@polkadot/wasm-crypto": "^7.5.3",
        "@polkadot/wasm-util": "^7.5.3",
        "@polkadot/x-bigint": "14.0.3",
        "@polkadot/x-randomvalues": "14.0.3",
        "@scure/base": "^1.1.7",
        "@scure/sr25519": "^0.2.0",
        "tslib": "^2.8.0"
      },
      "engines": {
        "node": ">=18"
      },
      "peerDependencies": {
        "@polkadot/util": "14.0.3"
      }
    },
    "node_modules/@polkadot/wasm-bridge": {
      "version": "7.5.4",
      "resolved": "https://registry.npmjs.org/@polkadot/wasm-bridge/-/wasm-bridge-7.5.4.tgz",
      "integrity": "sha512-6xaJVvoZbnbgpQYXNw9OHVNWjXmtcoPcWh7hlwx3NpfiLkkjljj99YS+XGZQlq7ks2fVCg7FbfknkNb8PldDaA==",
      "dev": true,
      "license": "Apache-2.0",
      "dependencies": {
        "@polkadot/wasm-util": "7.5.4",
        "tslib": "^2.7.0"
      },
      "engines": {
        "node": ">=18"
      },
      "peerDependencies": {
        "@polkadot/util": "*",
        "@polkadot/x-randomvalues": "*"
      }
    },
    "node_modules/@polkadot/wasm-crypto": {
      "version": "7.5.4",
      "resolved": "https://registry.npmjs.org/@polkadot/wasm-crypto/-/wasm-crypto-7.5.4.tgz",
      "integrity": "sha512-1seyClxa7Jd7kQjfnCzTTTfYhTa/KUTDUaD3DMHBk5Q4ZUN1D1unJgX+v1aUeXSPxmzocdZETPJJRZjhVOqg9g==",
      "dev": true,
      "license": "Apache-2.0",
      "dependencies": {
        "@polkadot/wasm-bridge": "7.5.4",
        "@polkadot/wasm-crypto-asmjs": "7.5.4",
        "@polkadot/wasm-crypto-init": "7.5.4",
        "@polkadot/wasm-crypto-wasm": "7.5.4",
        "@polkadot/wasm-util": "7.5.4",
        "tslib": "^2.7.0"
      },
      "engines": {
        "node": ">=18"
      },
      "peerDependencies": {
        "@polkadot/util": "*",
        "@polkadot/x-randomvalues": "*"
      }
    },
    "node_modules/@polkadot/wasm-crypto-asmjs": {
      "version": "7.5.4",
      "resolved": "https://registry.npmjs.org/@polkadot/wasm-crypto-asmjs/-/wasm-crypto-asmjs-7.5.4.tgz",
      "integrity": "sha512-ZYwxQHAJ8pPt6kYk9XFmyuFuSS+yirJLonvP+DYbxOrARRUHfN4nzp4zcZNXUuaFhpbDobDSFn6gYzye6BUotA==",
      "dev": true,
      "license": "Apache-2.0",
      "dependencies": {
        "tslib": "^2.7.0"
      },
      "engines": {
        "node": ">=18"
      },
      "peerDependencies": {
        "@polkadot/util": "*"
      }
    },
    "node_modules/@polkadot/wasm-crypto-init": {
      "version": "7.5.4",
      "resolved": "https://registry.npmjs.org/@polkadot/wasm-crypto-init/-/wasm-crypto-init-7.5.4.tgz",
      "integrity": "sha512-U6s4Eo2rHs2n1iR01vTz/sOQ7eOnRPjaCsGWhPV+ZC/20hkVzwPAhiizu/IqMEol4tO2yiSheD4D6bn0KxUJhg==",
      "dev": true,
      "license": "Apache-2.0",
      "dependencies": {
        "@polkadot/wasm-bridge": "7.5.4",
        "@polkadot/wasm-crypto-asmjs": "7.5.4",
        "@polkadot/wasm-crypto-wasm": "7.5.4",
        "@polkadot/wasm-util": "7.5.4",
        "tslib": "^2.7.0"
      },
      "engines": {
        "node": ">=18"
      },
      "peerDependencies": {
        "@polkadot/util": "*",
        "@polkadot/x-randomvalues": "*"
      }
    },
    "node_modules/@polkadot/wasm-crypto-wasm": {
      "version": "7.5.4",
      "resolved": "https://registry.npmjs.org/@polkadot/wasm-crypto-wasm/-/wasm-crypto-wasm-7.5.4.tgz",
      "integrity": "sha512-PsHgLsVTu43eprwSvUGnxybtOEuHPES6AbApcs7y5ZbM2PiDMzYbAjNul098xJK/CPtrxZ0ePDFnaQBmIJyTFw==",
      "dev": true,
      "license": "Apache-2.0",
      "dependencies": {
        "@polkadot/wasm-util": "7.5.4",
        "tslib": "^2.7.0"
      },
      "engines": {
        "node": ">=18"
      },
      "peerDependencies": {
        "@polkadot/util": "*"
      }
    },
    "node_modules/@polkadot/wasm-util": {
      "version": "7.5.4",
      "resolved": "https://registry.npmjs.org/@polkadot/wasm-util/-/wasm-util-7.5.4.tgz",
      "integrity": "sha512-hqPpfhCpRAqCIn/CYbBluhh0TXmwkJnDRjxrU9Bnqtw9nMNa97D8JuOjdd2pi0rxm+eeLQ/f1rQMp71RMM9t4w==",
      "dev": true,
      "license": "Apache-2.0",
      "dependencies": {
        "tslib": "^2.7.0"
      },
      "engines": {
        "node": ">=18"
      },
      "peerDependencies": {
        "@polkadot/util": "*"
      }
    },
    "node_modules/@polkadot/x-bigint": {
      "version": "14.0.3",
      "resolved": "https://registry.npmjs.org/@polkadot/x-bigint/-/x-bigint-14.0.3.tgz",
      "integrity": "sha512-U0al6BKgldFrEbmSObRAlzv9VDs5SMa/rbvZKvvkVec0sWTzYPWQZU1ZC/biXLYdjdKML89BeuCKmXZtCcGhUQ==",
      "dev": true,
      "license": "Apache-2.0",
      "dependencies": {
        "@polkadot/x-global": "14.0.3",
        "tslib": "^2.8.0"
      },
      "engines": {
        "node": ">=18"
      }
    },
    "node_modules/@polkadot/x-global": {
      "version": "14.0.3",
      "resolved": "https://registry.npmjs.org/@polkadot/x-global/-/x-global-14.0.3.tgz",
      "integrity": "sha512-MzMEynJ7HMTy/plLmdyP8rv14RS/6s29HZodUG9aCOscBnEiEDxVEax/ztRJqxhhQuHeYdx0LYDwVbdQDTkqNw==",
      "dev": true,
      "license": "Apache-2.0",
      "dependencies": {
        "tslib": "^2.8.0"
      },
      "engines": {
        "node": ">=18"
      }
    },
    "node_modules/@polkadot/x-randomvalues": {
      "version": "14.0.3",
      "resolved": "https://registry.npmjs.org/@polkadot/x-randomvalues/-/x-randomvalues-14.0.3.tgz",
      "integrity": "sha512-qTPcrk0nIHL2tIu5e0cLj3puQvjCK7onehnqO2fvlmWeIlvDel66fwWs06Ipsib+CwLJdmE6WgNy+8Jv74r6YA==",
      "dev": true,
      "license": "Apache-2.0",
      "dependencies": {
        "@polkadot/x-global": "14.0.3",
        "tslib": "^2.8.0"
      },
      "engines": {
        "node": ">=18"
      },
      "peerDependencies": {
        "@polkadot/util": "14.0.3",
        "@polkadot/wasm-util": "*"
      }
    },
    "node_modules/@polkadot/x-textdecoder": {
      "version": "14.0.3",
      "resolved": "https://registry.npmjs.org/@polkadot/x-textdecoder/-/x-textdecoder-14.0.3.tgz",
      "integrity": "sha512-4RJYDG00iUzQ7YAuS/yvkWRZlkjYU8PUNdJHRfqtJ+SjrSPB7LYYxFhLgw43TZUtHmIueNTsml2Ukv3xXTr2kA==",
      "dev": true,
      "license": "Apache-2.0",
      "dependencies": {
        "@polkadot/x-global": "14.0.3",
        "tslib": "^2.8.0"
      },
      "engines": {
        "node": ">=18"
      }
    },
    "node_modules/@polkadot/x-textencoder": {
      "version": "14.0.3",
      "resolved": "https://registry.npmjs.org/@polkadot/x-textencoder/-/x-textencoder-14.0.3.tgz",
      "integrity": "sha512-9HH6o2L+r99wEfXhPb5g+Xwn7qouqD32PsMux7B0dFGR2KNqP4KwO19Hu+gdij6wsEhy7delhZwzHenrWwDfhQ==",
      "dev": true,
      "license": "Apache-2.0",
      "dependencies": {
        "@polkadot/x-global": "14.0.3",
        "tslib": "^2.8.0"
      },
      "engines": {
        "node": ">=18"
      }
    },
    "node_modules/@scure/base": {
      "version": "1.2.6",
      "resolved": "https://registry.npmjs.org/@scure/base/-/base-1.2.6.tgz",
      "integrity": "sha512-g/nm5FgUa//MCj1gV09zTJTaM6KBAHqLN907YVQqf7zC49+DcO4B1so4ZX07Ef10Twr6nuqYEH9GEggFXA4Fmg==",
      "dev": true,
      "license": "MIT",
      "funding": {
        "url": "https://paulmillr.com/funding/"
      }
    },
    "node_modules/@scure/sr25519": {
      "version": "0.2.0",
      "resolved": "https://registry.npmjs.org/@scure/sr25519/-/sr25519-0.2.0.tgz",
      "integrity": "sha512-uUuLP7Z126XdSizKtrCGqYyR3b3hYtJ6Fg/XFUXmc2//k2aXHDLqZwFeXxL97gg4XydPROPVnuaHGF2+xriSKg==",
      "dev": true,
      "license": "MIT",
      "dependencies": {
        "@noble/curves": "~1.9.2",
        "@noble/hashes": "~1.8.0"
      },
      "funding": {
        "url": "https://paulmillr.com/funding/"
      }
    },
    "node_modules/@substrate/ss58-registry": {
      "version": "1.51.0",
      "resolved": "https://registry.npmjs.org/@substrate/ss58-registry/-/ss58-registry-1.51.0.tgz",
      "integrity": "sha512-TWDurLiPxndFgKjVavCniytBIw+t4ViOi7TYp9h/D0NMmkEc9klFTo+827eyEJ0lELpqO207Ey7uGxUa+BS1jQ==",
      "dev": true,
      "license": "Apache-2.0"
    },
    "node_modules/@types/bn.js": {
      "version": "5.2.0",
      "resolved": "https://registry.npmjs.org/@types/bn.js/-/bn.js-5.2.0.tgz",
      "integrity": "sha512-DLbJ1BPqxvQhIGbeu8VbUC1DiAiahHtAYvA0ZEAa4P31F7IaArc8z3C3BRQdWX4mtLQuABG4yzp76ZrS02Ui1Q==",
      "dev": true,
      "license": "MIT",
      "dependencies": {
        "@types/node": "*"
      }
    },
    "node_modules/@types/node": {
      "version": "25.5.0",
      "resolved": "https://registry.npmjs.org/@types/node/-/node-25.5.0.tgz",
      "integrity": "sha512-jp2P3tQMSxWugkCUKLRPVUpGaL5MVFwF8RDuSRztfwgN1wmqJeMSbKlnEtQqU8UrhTmzEmZdu2I6v2dpp7XIxw==",
      "dev": true,
      "license": "MIT",
      "dependencies": {
        "undici-types": "~7.18.0"
      }
    },
    "node_modules/bn.js": {
      "version": "5.2.3",
      "resolved": "https://registry.npmjs.org/bn.js/-/bn.js-5.2.3.tgz",
      "integrity": "sha512-EAcmnPkxpntVL+DS7bO1zhcZNvCkxqtkd0ZY53h06GNQ3DEkkGZ/gKgmDv6DdZQGj9BgfSPKtJJ7Dp1GPP8f7w==",
      "dev": true,
      "license": "MIT"
    },
    "node_modules/rxjs": {
      "version": "7.8.2",
      "resolved": "https://registry.npmjs.org/rxjs/-/rxjs-7.8.2.tgz",
      "integrity": "sha512-dhKf903U/PQZY6boNNtAGdWbG85WAbjT/1xYoZIC7FAY0yWapOBQVsVrDl58W86//e1VpMNBtRV4MaXfdMySFA==",
      "dev": true,
      "license": "Apache-2.0",
      "dependencies": {
        "tslib": "^2.1.0"
      }
    },
    "node_modules/tslib": {
      "version": "2.8.1",
      "resolved": "https://registry.npmjs.org/tslib/-/tslib-2.8.1.tgz",
      "integrity": "sha512-oJFu94HQb+KVduSUQL7wnpmqnfmLsOA/nAh6b6EH0wCEoK0/mPeXU6c3wKDV83MkOuHPRHtSXKKU99IBazS/2w==",
      "dev": true,
      "license": "0BSD"
    },
    "node_modules/undici-types": {
      "version": "7.18.2",
      "resolved": "https://registry.npmjs.org/undici-types/-/undici-types-7.18.2.tgz",
      "integrity": "sha512-AsuCzffGHJybSaRrmr5eHr81mwJU3kjw6M+uprWvCXiNeN9SOGwQ3Jn8jb8m3Z6izVgknn1R0FTCEAP2QrLY/w==",
      "dev": true,
      "license": "MIT"
    }
  }
}
